# THIS IS AN AUTOGENERATED FILE. DO NOT EDIT THIS FILE DIRECTLY.
# yarn lockfile v1


javascript-time-ago@^2.0.13:
  version "2.0.13"
  resolved "https://registry.yarnpkg.com/javascript-time-ago/-/javascript-time-ago-2.0.13.tgz#aa11f80887ce044f851a78c8761861e436ed0954"
  integrity sha512-zH+obXUQ4vlc9UlERFe637rNJQaVYLizwODUfGzYN/cNW/owkk5wzb327gAfEXFpI4yhFcStEaoqoJtMGAmrAg==
  dependencies:
    relative-time-format "^0.1.3"

relative-time-format@^0.1.3:
  version "0.1.3"
  resolved "https://registry.yarnpkg.com/relative-time-format/-/relative-time-format-0.1.3.tgz#d50f49d13f97c7f801afba600b1a4a0890755df2"
  integrity sha512-0O6i4fKjsx8qhz57zorG+LrIDnF9pSvP5s7H9R1Nb5nSqih5dvRyKzNKs6MxhL3bv4iwsz4DuDwAyw+c47QFIA==
